
Microsoft Visual Studio Solution File, Format Version 12.00
# Visual Studio 2012
Project("{FAE04EC0-301F-11D3-BF4B-00C04F79EFBC}") = "HazelClasses", "ClassesSE\HazelClasses.csproj", "{4839B2EF-81FB-4C26-97F4-1BD99CC0EEAE}"
EndProject
Global
	GlobalSection(SolutionConfigurationPlatforms) = preSolution
		Debug|Any CPU = Debug|Any CPU
		Release|Any CPU = Release|Any CPU
	EndGlobalSection
	GlobalSection(ProjectConfigurationPlatforms) = postSolution
		{4839B2EF-81FB-4C26-97F4-1BD99CC0EEAE}.Debug|Any CPU.ActiveCfg = Debug|Any CPU
		{4839B2EF-81FB-4C26-97F4-1BD99CC0EEAE}.Debug|Any CPU.Build.0 = Debug|Any CPU
		{4839B2EF-81FB-4C26-97F4-1BD99CC0EEAE}.Release|Any CPU.ActiveCfg = Release|Any CPU
		{4839B2EF-81FB-4C26-97F4-1BD99CC0EEAE}.Release|Any CPU.Build.0 = Release|Any CPU
	EndGlobalSection
	GlobalSection(SolutionProperties) = preSolution
		HideSolutionNode = FALSE
	EndGlobalSection
EndGlobal
